
Microsoft Visual Studio Solution File, Format Version 12.00
# Visual Studio 15
VisualStudioVersion = 15.0.28307.329
MinimumVisualStudioVersion = 10.0.40219.1
Project("{FAE04EC0-301F-11D3-BF4B-00C04F79EFBC}") = "SlotMachine", "SlotMachine\SlotMachine.csproj", "{BD439ECF-486E-42ED-A9E2-14D05D443516}"
EndProject
Global
	GlobalSection(SolutionConfigurationPlatforms) = preSolution
		Debug|Any CPU = Debug|Any CPU
		Release|Any CPU = Release|Any CPU
	EndGlobalSection
	GlobalSection(ProjectConfigurationPlatforms) = postSolution
		{BD439ECF-486E-42ED-A9E2-14D05D443516}.Debug|Any CPU.ActiveCfg = Debug|Any CPU
		{BD439ECF-486E-42ED-A9E2-14D05D443516}.Debug|Any CPU.Build.0 = Debug|Any CPU
		{BD439ECF-486E-42ED-A9E2-14D05D443516}.Release|Any CPU.ActiveCfg = Release|Any CPU
		{BD439ECF-486E-42ED-A9E2-14D05D443516}.Release|Any CPU.Build.0 = Release|Any CPU
	EndGlobalSection
	GlobalSection(SolutionProperties) = preSolution
		HideSolutionNode = FALSE
	EndGlobalSection
	GlobalSection(ExtensibilityGlobals) = postSolution
		SolutionGuid = {D255EEAC-76D5-4EBC-A9DC-EC61EA4568EB}
	EndGlobalSection
EndGlobal
